
Microsoft Visual Studio Solution File, Format Version 12.00
# Visual Studio Version 16
VisualStudioVersion = 16.0.28922.388
MinimumVisualStudioVersion = 10.0.40219.1
Project("{FAE04EC0-301F-11D3-BF4B-00C04F79EFBC}") = "Cap1", "Cap1\Cap1.csproj", "{D14F0350-F213-4D28-9645-FB2D6A574AF3}"
EndProject
Global
	GlobalSection(SolutionConfigurationPlatforms) = preSolution
		Debug|Any CPU = Debug|Any CPU
		Release|Any CPU = Release|Any CPU
	EndGlobalSection
	GlobalSection(ProjectConfigurationPlatforms) = postSolution
		{D14F0350-F213-4D28-9645-FB2D6A574AF3}.Debug|Any CPU.ActiveCfg = Debug|Any CPU
		{D14F0350-F213-4D28-9645-FB2D6A574AF3}.Debug|Any CPU.Build.0 = Debug|Any CPU
		{D14F0350-F213-4D28-9645-FB2D6A574AF3}.Release|Any CPU.ActiveCfg = Release|Any CPU
		{D14F0350-F213-4D28-9645-FB2D6A574AF3}.Release|Any CPU.Build.0 = Release|Any CPU
	EndGlobalSection
	GlobalSection(SolutionProperties) = preSolution
		HideSolutionNode = FALSE
	EndGlobalSection
	GlobalSection(ExtensibilityGlobals) = postSolution
		SolutionGuid = {B9A11D62-63E1-40E0-9E17-E718F5F8C6BF}
	EndGlobalSection
EndGlobal
